# THIS IS AN AUTOGENERATED FILE. DO NOT EDIT THIS FILE DIRECTLY.
# yarn lockfile v1


"@aspen.cloud/agent-typings@^0.0.6":
  version "0.0.6"
  resolved "https://registry.yarnpkg.com/@aspen.cloud/agent-typings/-/agent-typings-0.0.6.tgz#38c6a05b017d30db70e6f8f113962cf9647b6b10"
  integrity sha512-F1Qg6AyYG6BaAMYx3DpG/9CivXCyTjTekStSuySulZoR7Gz/XzNwqH9H99XT7GSm5UZEEAk7l+1bIOqntHwXeQ==

nanoid@^3.1.29:
  version "3.1.30"
  resolved "https://registry.yarnpkg.com/nanoid/-/nanoid-3.1.30.tgz#63f93cc548d2a113dc5dfbc63bfa09e2b9b64362"
  integrity sha512-zJpuPDwOv8D2zq2WRoMe1HsfZthVewpel9CAvTfc/2mBD1uUT/agc5f7GHGWXlYkFvi1mVxe4IjvP2HNrop7nQ==
