# THIS IS AN AUTOGENERATED FILE. DO NOT EDIT THIS FILE DIRECTLY.
# yarn lockfile v1


"@aspen.cloud/agent-typings@^0.0.1":
  version "0.0.1"
  resolved "https://registry.yarnpkg.com/@aspen.cloud/agent-typings/-/agent-typings-0.0.1.tgz#fdaaf47bc6f359cbf7be2780a906a9371dceacf9"
  integrity sha512-r1QRlO+67qPsrRUwbqWIQZrGcc6qgsIGdIKA/RfjyVJBvg+S3Nz4u1dVHa9K3liZxlMqJciJlJ7u0/+9rEirnA==
